// !$*UTF8*$!
{
	archiveVersion = 1;
	classes = {
	};
	objectVersion = 56;
	objects = {

/* Begin PBXBuildFile section */
		960A20C72B15DB500034FFB6 /* ContentWithoutStateViewModel.swift in Sources */ = {isa = PBXBuildFile; fileRef = 960A20C62B15DB500034FFB6 /* ContentWithoutStateViewModel.swift */; };
		960A20C92B15DBCD0034FFB6 /* ContentWithoutStateViewModelParams.swift in Sources */ = {isa = PBXBuildFile; fileRef = 960A20C82B15DBCD0034FFB6 /* ContentWithoutStateViewModelParams.swift */; };
		96334E9F2B0F487700FF5069 /* SheetView.swift in Sources */ = {isa = PBXBuildFile; fileRef = 96334E9E2B0F487700FF5069 /* SheetView.swift */; };
		96334EA12B0F488800FF5069 /* SheetViewModel.swift in Sources */ = {isa = PBXBuildFile; fileRef = 96334EA02B0F488800FF5069 /* SheetViewModel.swift */; };
		96334EA32B0F4CEE00FF5069 /* SheetListViewModel.swift in Sources */ = {isa = PBXBuildFile; fileRef = 96334EA22B0F4CEE00FF5069 /* SheetListViewModel.swift */; };
		96334EA52B0F591B00FF5069 /* SheetViewModelParams.swift in Sources */ = {isa = PBXBuildFile; fileRef = 96334EA42B0F591B00FF5069 /* SheetViewModelParams.swift */; };
		96334EA82B0F5AB100FF5069 /* SheetListView.swift in Sources */ = {isa = PBXBuildFile; fileRef = 96334EA72B0F5AB100FF5069 /* SheetListView.swift */; };
		96334EAA2B0F5B7100FF5069 /* SheetViewType.swift in Sources */ = {isa = PBXBuildFile; fileRef = 96334EA92B0F5B7100FF5069 /* SheetViewType.swift */; };
		96334EAC2B0F5C0D00FF5069 /* SheetListViewModelParams.swift in Sources */ = {isa = PBXBuildFile; fileRef = 96334EAB2B0F5C0D00FF5069 /* SheetListViewModelParams.swift */; };
		96334EAF2B0F5CE200FF5069 /* SheetNewView.swift in Sources */ = {isa = PBXBuildFile; fileRef = 96334EAE2B0F5CE200FF5069 /* SheetNewView.swift */; };
		96334EB22B0F5DB500FF5069 /* SheetNewViewModel.swift in Sources */ = {isa = PBXBuildFile; fileRef = 96334EB12B0F5DB500FF5069 /* SheetNewViewModel.swift */; };
		96334EB42B0F604100FF5069 /* SheetNewViewModelParams.swift in Sources */ = {isa = PBXBuildFile; fileRef = 96334EB32B0F604100FF5069 /* SheetNewViewModelParams.swift */; };
		96334EB72B0F612700FF5069 /* CountComponent.swift in Sources */ = {isa = PBXBuildFile; fileRef = 96334EB62B0F612700FF5069 /* CountComponent.swift */; };
		96334EBB2B0F650400FF5069 /* ContentWithoutStateViewModelOneParams.swift in Sources */ = {isa = PBXBuildFile; fileRef = 96334EBA2B0F650400FF5069 /* ContentWithoutStateViewModelOneParams.swift */; };
		96334EBF2B0F665A00FF5069 /* HomeView.swift in Sources */ = {isa = PBXBuildFile; fileRef = 96334EBE2B0F665A00FF5069 /* HomeView.swift */; };
		96334EC12B0F669A00FF5069 /* HomeViewModel.swift in Sources */ = {isa = PBXBuildFile; fileRef = 96334EC02B0F669A00FF5069 /* HomeViewModel.swift */; };
		96334EC32B0F66B200FF5069 /* HomeViewType.swift in Sources */ = {isa = PBXBuildFile; fileRef = 96334EC22B0F66B200FF5069 /* HomeViewType.swift */; };
		96334EC52B0F66EB00FF5069 /* HomeViewModelParams.swift in Sources */ = {isa = PBXBuildFile; fileRef = 96334EC42B0F66EB00FF5069 /* HomeViewModelParams.swift */; };
		96334EC72B0F699300FF5069 /* ContentWithoutStateOneViewModel+Shared.swift in Sources */ = {isa = PBXBuildFile; fileRef = 96334EC62B0F699300FF5069 /* ContentWithoutStateOneViewModel+Shared.swift */; };
		96334EC92B0F6F2A00FF5069 /* SheetNewViewModel+Shared.swift in Sources */ = {isa = PBXBuildFile; fileRef = 96334EC82B0F6F2A00FF5069 /* SheetNewViewModel+Shared.swift */; };
		96334ECB2B0F6F3A00FF5069 /* SheetListViewModel+Shared.swift in Sources */ = {isa = PBXBuildFile; fileRef = 96334ECA2B0F6F3A00FF5069 /* SheetListViewModel+Shared.swift */; };
		96334ECD2B0F6FA500FF5069 /* SheetViewModel+Shared.swift in Sources */ = {isa = PBXBuildFile; fileRef = 96334ECC2B0F6FA500FF5069 /* SheetViewModel+Shared.swift */; };
		96334ECF2B0F6FB600FF5069 /* HomeViewModel+Shared.swift in Sources */ = {isa = PBXBuildFile; fileRef = 96334ECE2B0F6FB600FF5069 /* HomeViewModel+Shared.swift */; };
		96334ED62B0F9AD700FF5069 /* ContentWithStateViewModel+Shared.swift in Sources */ = {isa = PBXBuildFile; fileRef = 96334ED52B0F9AD700FF5069 /* ContentWithStateViewModel+Shared.swift */; };
		96636EE12B0D23BF001C9C35 /* EmitExampleApp.swift in Sources */ = {isa = PBXBuildFile; fileRef = 96636EE02B0D23BF001C9C35 /* EmitExampleApp.swift */; };
		96636EE32B0D23BF001C9C35 /* ContentWithoutStateView.swift in Sources */ = {isa = PBXBuildFile; fileRef = 96636EE22B0D23BF001C9C35 /* ContentWithoutStateView.swift */; };
		96636EE52B0D23C3001C9C35 /* Assets.xcassets in Resources */ = {isa = PBXBuildFile; fileRef = 96636EE42B0D23C3001C9C35 /* Assets.xcassets */; };
		96636EE82B0D23C3001C9C35 /* Preview Assets.xcassets in Resources */ = {isa = PBXBuildFile; fileRef = 96636EE72B0D23C3001C9C35 /* Preview Assets.xcassets */; };
		96E258E82B0E41FC00E1D9DA /* ContentWithStateView.swift in Sources */ = {isa = PBXBuildFile; fileRef = 96E258E72B0E41FC00E1D9DA /* ContentWithStateView.swift */; };
		96E258EA2B0E437100E1D9DA /* ContentWithoutStateOneViewModel.swift in Sources */ = {isa = PBXBuildFile; fileRef = 96E258E92B0E437100E1D9DA /* ContentWithoutStateOneViewModel.swift */; };
		96E258EC2B0E438900E1D9DA /* ContentWithStateViewModel.swift in Sources */ = {isa = PBXBuildFile; fileRef = 96E258EB2B0E438900E1D9DA /* ContentWithStateViewModel.swift */; };
		96E258EE2B0E43D700E1D9DA /* ContentState.swift in Sources */ = {isa = PBXBuildFile; fileRef = 96E258ED2B0E43D700E1D9DA /* ContentState.swift */; };
		96E258F02B0E441000E1D9DA /* OnSubmitStatus.swift in Sources */ = {isa = PBXBuildFile; fileRef = 96E258EF2B0E441000E1D9DA /* OnSubmitStatus.swift */; };
		96E258F22B0E442C00E1D9DA /* Result+Fold.swift in Sources */ = {isa = PBXBuildFile; fileRef = 96E258F12B0E442C00E1D9DA /* Result+Fold.swift */; };
		96E258F42B0E443D00E1D9DA /* ViewModel.swift in Sources */ = {isa = PBXBuildFile; fileRef = 96E258F32B0E443D00E1D9DA /* ViewModel.swift */; };
		96E258F62B0E444A00E1D9DA /* ViewModelState.swift in Sources */ = {isa = PBXBuildFile; fileRef = 96E258F52B0E444A00E1D9DA /* ViewModelState.swift */; };
		96E258F82B0E478000E1D9DA /* Withable.swift in Sources */ = {isa = PBXBuildFile; fileRef = 96E258F72B0E478000E1D9DA /* Withable.swift */; };
/* End PBXBuildFile section */

/* Begin PBXFileReference section */
		960A20C62B15DB500034FFB6 /* ContentWithoutStateViewModel.swift */ = {isa = PBXFileReference; lastKnownFileType = sourcecode.swift; path = ContentWithoutStateViewModel.swift; sourceTree = "<group>"; };
		960A20C82B15DBCD0034FFB6 /* ContentWithoutStateViewModelParams.swift */ = {isa = PBXFileReference; lastKnownFileType = sourcecode.swift; path = ContentWithoutStateViewModelParams.swift; sourceTree = "<group>"; };
		961071A42B0E6DC4006ABBD5 /* Screenshot 2023-11-23 at 00.11.24.png */ = {isa = PBXFileReference; lastKnownFileType = image.png; path = "Screenshot 2023-11-23 at 00.11.24.png"; sourceTree = "<group>"; };
		961071A52B0E6DDA006ABBD5 /* Screenshot 2023-11-23 at 00.11.48.png */ = {isa = PBXFileReference; lastKnownFileType = image.png; path = "Screenshot 2023-11-23 at 00.11.48.png"; sourceTree = "<group>"; };
		961071A62B0E6E04006ABBD5 /* README.md */ = {isa = PBXFileReference; lastKnownFileType = net.daringfireball.markdown; path = README.md; sourceTree = "<group>"; };
		96334E9E2B0F487700FF5069 /* SheetView.swift */ = {isa = PBXFileReference; lastKnownFileType = sourcecode.swift; path = SheetView.swift; sourceTree = "<group>"; };
		96334EA02B0F488800FF5069 /* SheetViewModel.swift */ = {isa = PBXFileReference; lastKnownFileType = sourcecode.swift; path = SheetViewModel.swift; sourceTree = "<group>"; };
		96334EA22B0F4CEE00FF5069 /* SheetListViewModel.swift */ = {isa = PBXFileReference; lastKnownFileType = sourcecode.swift; path = SheetListViewModel.swift; sourceTree = "<group>"; };
		96334EA42B0F591B00FF5069 /* SheetViewModelParams.swift */ = {isa = PBXFileReference; lastKnownFileType = sourcecode.swift; path = SheetViewModelParams.swift; sourceTree = "<group>"; };
		96334EA72B0F5AB100FF5069 /* SheetListView.swift */ = {isa = PBXFileReference; lastKnownFileType = sourcecode.swift; path = SheetListView.swift; sourceTree = "<group>"; };
		96334EA92B0F5B7100FF5069 /* SheetViewType.swift */ = {isa = PBXFileReference; lastKnownFileType = sourcecode.swift; path = SheetViewType.swift; sourceTree = "<group>"; };
		96334EAB2B0F5C0D00FF5069 /* SheetListViewModelParams.swift */ = {isa = PBXFileReference; lastKnownFileType = sourcecode.swift; path = SheetListViewModelParams.swift; sourceTree = "<group>"; };
		96334EAE2B0F5CE200FF5069 /* SheetNewView.swift */ = {isa = PBXFileReference; lastKnownFileType = sourcecode.swift; path = SheetNewView.swift; sourceTree = "<group>"; };
		96334EB12B0F5DB500FF5069 /* SheetNewViewModel.swift */ = {isa = PBXFileReference; lastKnownFileType = sourcecode.swift; path = SheetNewViewModel.swift; sourceTree = "<group>"; };
		96334EB32B0F604100FF5069 /* SheetNewViewModelParams.swift */ = {isa = PBXFileReference; lastKnownFileType = sourcecode.swift; path = SheetNewViewModelParams.swift; sourceTree = "<group>"; };
		96334EB62B0F612700FF5069 /* CountComponent.swift */ = {isa = PBXFileReference; lastKnownFileType = sourcecode.swift; path = CountComponent.swift; sourceTree = "<group>"; };
		96334EBA2B0F650400FF5069 /* ContentWithoutStateViewModelOneParams.swift */ = {isa = PBXFileReference; lastKnownFileType = sourcecode.swift; path = ContentWithoutStateViewModelOneParams.swift; sourceTree = "<group>"; };
		96334EBE2B0F665A00FF5069 /* HomeView.swift */ = {isa = PBXFileReference; lastKnownFileType = sourcecode.swift; path = HomeView.swift; sourceTree = "<group>"; };
		96334EC02B0F669A00FF5069 /* HomeViewModel.swift */ = {isa = PBXFileReference; lastKnownFileType = sourcecode.swift; path = HomeViewModel.swift; sourceTree = "<group>"; };
		96334EC22B0F66B200FF5069 /* HomeViewType.swift */ = {isa = PBXFileReference; lastKnownFileType = sourcecode.swift; path = HomeViewType.swift; sourceTree = "<group>"; };
		96334EC42B0F66EB00FF5069 /* HomeViewModelParams.swift */ = {isa = PBXFileReference; lastKnownFileType = sourcecode.swift; path = HomeViewModelParams.swift; sourceTree = "<group>"; };
		96334EC62B0F699300FF5069 /* ContentWithoutStateOneViewModel+Shared.swift */ = {isa = PBXFileReference; lastKnownFileType = sourcecode.swift; path = "ContentWithoutStateOneViewModel+Shared.swift"; sourceTree = "<group>"; };
		96334EC82B0F6F2A00FF5069 /* SheetNewViewModel+Shared.swift */ = {isa = PBXFileReference; lastKnownFileType = sourcecode.swift; path = "SheetNewViewModel+Shared.swift"; sourceTree = "<group>"; };
		96334ECA2B0F6F3A00FF5069 /* SheetListViewModel+Shared.swift */ = {isa = PBXFileReference; lastKnownFileType = sourcecode.swift; path = "SheetListViewModel+Shared.swift"; sourceTree = "<group>"; };
		96334ECC2B0F6FA500FF5069 /* SheetViewModel+Shared.swift */ = {isa = PBXFileReference; lastKnownFileType = sourcecode.swift; path = "SheetViewModel+Shared.swift"; sourceTree = "<group>"; };
		96334ECE2B0F6FB600FF5069 /* HomeViewModel+Shared.swift */ = {isa = PBXFileReference; lastKnownFileType = sourcecode.swift; path = "HomeViewModel+Shared.swift"; sourceTree = "<group>"; };
		96334ED52B0F9AD700FF5069 /* ContentWithStateViewModel+Shared.swift */ = {isa = PBXFileReference; lastKnownFileType = sourcecode.swift; path = "ContentWithStateViewModel+Shared.swift"; sourceTree = "<group>"; };
		96636EDD2B0D23BF001C9C35 /* EmitExample.app */ = {isa = PBXFileReference; explicitFileType = wrapper.application; includeInIndex = 0; path = EmitExample.app; sourceTree = BUILT_PRODUCTS_DIR; };
		96636EE02B0D23BF001C9C35 /* EmitExampleApp.swift */ = {isa = PBXFileReference; lastKnownFileType = sourcecode.swift; path = EmitExampleApp.swift; sourceTree = "<group>"; };
		96636EE22B0D23BF001C9C35 /* ContentWithoutStateView.swift */ = {isa = PBXFileReference; lastKnownFileType = sourcecode.swift; path = ContentWithoutStateView.swift; sourceTree = "<group>"; };
		96636EE42B0D23C3001C9C35 /* Assets.xcassets */ = {isa = PBXFileReference; lastKnownFileType = folder.assetcatalog; path = Assets.xcassets; sourceTree = "<group>"; };
		96636EE72B0D23C3001C9C35 /* Preview Assets.xcassets */ = {isa = PBXFileReference; lastKnownFileType = folder.assetcatalog; path = "Preview Assets.xcassets"; sourceTree = "<group>"; };
		96E258E72B0E41FC00E1D9DA /* ContentWithStateView.swift */ = {isa = PBXFileReference; lastKnownFileType = sourcecode.swift; path = ContentWithStateView.swift; sourceTree = "<group>"; };
		96E258E92B0E437100E1D9DA /* ContentWithoutStateOneViewModel.swift */ = {isa = PBXFileReference; lastKnownFileType = sourcecode.swift; path = ContentWithoutStateOneViewModel.swift; sourceTree = "<group>"; };
		96E258EB2B0E438900E1D9DA /* ContentWithStateViewModel.swift */ = {isa = PBXFileReference; lastKnownFileType = sourcecode.swift; path = ContentWithStateViewModel.swift; sourceTree = "<group>"; };
		96E258ED2B0E43D700E1D9DA /* ContentState.swift */ = {isa = PBXFileReference; lastKnownFileType = sourcecode.swift; path = ContentState.swift; sourceTree = "<group>"; };
		96E258EF2B0E441000E1D9DA /* OnSubmitStatus.swift */ = {isa = PBXFileReference; lastKnownFileType = sourcecode.swift; path = OnSubmitStatus.swift; sourceTree = "<group>"; };
		96E258F12B0E442C00E1D9DA /* Result+Fold.swift */ = {isa = PBXFileReference; lastKnownFileType = sourcecode.swift; path = "Result+Fold.swift"; sourceTree = "<group>"; };
		96E258F32B0E443D00E1D9DA /* ViewModel.swift */ = {isa = PBXFileReference; lastKnownFileType = sourcecode.swift; path = ViewModel.swift; sourceTree = "<group>"; };
		96E258F52B0E444A00E1D9DA /* ViewModelState.swift */ = {isa = PBXFileReference; lastKnownFileType = sourcecode.swift; path = ViewModelState.swift; sourceTree = "<group>"; };
		96E258F72B0E478000E1D9DA /* Withable.swift */ = {isa = PBXFileReference; lastKnownFileType = sourcecode.swift; path = Withable.swift; sourceTree = "<group>"; };
/* End PBXFileReference section */

/* Begin PBXFrameworksBuildPhase section */
		96636EDA2B0D23BF001C9C35 /* Frameworks */ = {
			isa = PBXFrameworksBuildPhase;
			buildActionMask = 2147483647;
			files = (
			);
			runOnlyForDeploymentPostprocessing = 0;
		};
/* End PBXFrameworksBuildPhase section */

/* Begin PBXGroup section */
		960A20CA2B15E3A30034FFB6 /* ContentWithoutStateOne */ = {
			isa = PBXGroup;
			children = (
				960A20CD2B15E5900034FFB6 /* ViewModel */,
			);
			name = ContentWithoutStateOne;
			path = ViewModel/ContentWithoutStateOne;
			sourceTree = "<group>";
		};
		960A20CB2B15E3BC0034FFB6 /* ViewModel */ = {
			isa = PBXGroup;
			children = (
				960A20C82B15DBCD0034FFB6 /* ContentWithoutStateViewModelParams.swift */,
				960A20C62B15DB500034FFB6 /* ContentWithoutStateViewModel.swift */,
			);
			path = ViewModel;
			sourceTree = "<group>";
		};
		960A20CD2B15E5900034FFB6 /* ViewModel */ = {
			isa = PBXGroup;
			children = (
				96334EBA2B0F650400FF5069 /* ContentWithoutStateViewModelOneParams.swift */,
				96E258E92B0E437100E1D9DA /* ContentWithoutStateOneViewModel.swift */,
				96334EC62B0F699300FF5069 /* ContentWithoutStateOneViewModel+Shared.swift */,
			);
			path = ViewModel;
			sourceTree = "<group>";
		};
		960A20CE2B15E5970034FFB6 /* View */ = {
			isa = PBXGroup;
			children = (
				96636EE22B0D23BF001C9C35 /* ContentWithoutStateView.swift */,
			);
			path = View;
			sourceTree = "<group>";
		};
		961071A22B0E6D83006ABBD5 /* assets */ = {
			isa = PBXGroup;
			children = (
				961071A52B0E6DDA006ABBD5 /* Screenshot 2023-11-23 at 00.11.48.png */,
				961071A42B0E6DC4006ABBD5 /* Screenshot 2023-11-23 at 00.11.24.png */,
			);
			path = assets;
			sourceTree = "<group>";
		};
		96334E9D2B0F486C00FF5069 /* Sheet */ = {
			isa = PBXGroup;
			children = (
				96334EB02B0F5D7000FF5069 /* Home */,
				96334EA62B0F5AA700FF5069 /* SheetList */,
				96334EAD2B0F5CD400FF5069 /* SheetNew */,
			);
			path = Sheet;
			sourceTree = "<group>";
		};
		96334EA62B0F5AA700FF5069 /* SheetList */ = {
			isa = PBXGroup;
			children = (
				96334EAB2B0F5C0D00FF5069 /* SheetListViewModelParams.swift */,
				96334EA22B0F4CEE00FF5069 /* SheetListViewModel.swift */,
				96334ECA2B0F6F3A00FF5069 /* SheetListViewModel+Shared.swift */,
				96334EA72B0F5AB100FF5069 /* SheetListView.swift */,
			);
			path = SheetList;
			sourceTree = "<group>";
		};
		96334EAD2B0F5CD400FF5069 /* SheetNew */ = {
			isa = PBXGroup;
			children = (
				96334EB32B0F604100FF5069 /* SheetNewViewModelParams.swift */,
				96334EB12B0F5DB500FF5069 /* SheetNewViewModel.swift */,
				96334EC82B0F6F2A00FF5069 /* SheetNewViewModel+Shared.swift */,
				96334EAE2B0F5CE200FF5069 /* SheetNewView.swift */,
			);
			path = SheetNew;
			sourceTree = "<group>";
		};
		96334EB02B0F5D7000FF5069 /* Home */ = {
			isa = PBXGroup;
			children = (
				96334EA92B0F5B7100FF5069 /* SheetViewType.swift */,
				96334EA42B0F591B00FF5069 /* SheetViewModelParams.swift */,
				96334EA02B0F488800FF5069 /* SheetViewModel.swift */,
				96334ECC2B0F6FA500FF5069 /* SheetViewModel+Shared.swift */,
				96334E9E2B0F487700FF5069 /* SheetView.swift */,
			);
			path = Home;
			sourceTree = "<group>";
		};
		96334EB52B0F611F00FF5069 /* Count */ = {
			isa = PBXGroup;
			children = (
				96334EB62B0F612700FF5069 /* CountComponent.swift */,
			);
			path = Count;
			sourceTree = "<group>";
		};
		96334EBC2B0F663D00FF5069 /* Content */ = {
			isa = PBXGroup;
			children = (
				96E258EF2B0E441000E1D9DA /* OnSubmitStatus.swift */,
				96E258FC2B0E47AA00E1D9DA /* ContentWithState */,
				96E258FB2B0E47A300E1D9DA /* ContentWithoutState */,
				960A20CE2B15E5970034FFB6 /* View */,
			);
			path = Content;
			sourceTree = "<group>";
		};
		96334EBD2B0F665000FF5069 /* Home */ = {
			isa = PBXGroup;
			children = (
				96334EC22B0F66B200FF5069 /* HomeViewType.swift */,
				96334EC42B0F66EB00FF5069 /* HomeViewModelParams.swift */,
				96334EC02B0F669A00FF5069 /* HomeViewModel.swift */,
				96334ECE2B0F6FB600FF5069 /* HomeViewModel+Shared.swift */,
				96334EBE2B0F665A00FF5069 /* HomeView.swift */,
			);
			path = Home;
			sourceTree = "<group>";
		};
		96334ED02B0F705800FF5069 /* Features */ = {
			isa = PBXGroup;
			children = (
				96334EBD2B0F665000FF5069 /* Home */,
				96334EB52B0F611F00FF5069 /* Count */,
				96334E9D2B0F486C00FF5069 /* Sheet */,
				96334EBC2B0F663D00FF5069 /* Content */,
			);
			path = Features;
			sourceTree = "<group>";
		};
		96636ED42B0D23BF001C9C35 = {
			isa = PBXGroup;
			children = (
				961071A62B0E6E04006ABBD5 /* README.md */,
				961071A22B0E6D83006ABBD5 /* assets */,
				96636EDF2B0D23BF001C9C35 /* EmitExample */,
				96636EDE2B0D23BF001C9C35 /* Products */,
			);
			sourceTree = "<group>";
		};
		96636EDE2B0D23BF001C9C35 /* Products */ = {
			isa = PBXGroup;
			children = (
				96636EDD2B0D23BF001C9C35 /* EmitExample.app */,
			);
			name = Products;
			sourceTree = "<group>";
		};
		96636EDF2B0D23BF001C9C35 /* EmitExample */ = {
			isa = PBXGroup;
			children = (
				96334ED02B0F705800FF5069 /* Features */,
				96E258F92B0E478500E1D9DA /* Core */,
				96636EE02B0D23BF001C9C35 /* EmitExampleApp.swift */,
				96636EE42B0D23C3001C9C35 /* Assets.xcassets */,
				96636EE62B0D23C3001C9C35 /* Preview Content */,
			);
			path = EmitExample;
			sourceTree = "<group>";
		};
		96636EE62B0D23C3001C9C35 /* Preview Content */ = {
			isa = PBXGroup;
			children = (
				96636EE72B0D23C3001C9C35 /* Preview Assets.xcassets */,
			);
			path = "Preview Content";
			sourceTree = "<group>";
		};
		96E258F92B0E478500E1D9DA /* Core */ = {
			isa = PBXGroup;
			children = (
				96E258FF2B0E48CD00E1D9DA /* Withable */,
				96E258FE2B0E485C00E1D9DA /* Result */,
				96E258FA2B0E478D00E1D9DA /* BLoC */,
			);
			path = Core;
			sourceTree = "<group>";
		};
		96E258FA2B0E478D00E1D9DA /* BLoC */ = {
			isa = PBXGroup;
			children = (
				96E258F52B0E444A00E1D9DA /* ViewModelState.swift */,
				96E258F32B0E443D00E1D9DA /* ViewModel.swift */,
			);
			path = BLoC;
			sourceTree = "<group>";
		};
		96E258FB2B0E47A300E1D9DA /* ContentWithoutState */ = {
			isa = PBXGroup;
			children = (
				960A20CB2B15E3BC0034FFB6 /* ViewModel */,
				960A20CA2B15E3A30034FFB6 /* ContentWithoutStateOne */,
			);
			path = ContentWithoutState;
			sourceTree = "<group>";
		};
		96E258FC2B0E47AA00E1D9DA /* ContentWithState */ = {
			isa = PBXGroup;
			children = (
				96E258ED2B0E43D700E1D9DA /* ContentState.swift */,
				96E258EB2B0E438900E1D9DA /* ContentWithStateViewModel.swift */,
				96334ED52B0F9AD700FF5069 /* ContentWithStateViewModel+Shared.swift */,
				96E258E72B0E41FC00E1D9DA /* ContentWithStateView.swift */,
			);
			path = ContentWithState;
			sourceTree = "<group>";
		};
		96E258FE2B0E485C00E1D9DA /* Result */ = {
			isa = PBXGroup;
			children = (
				96E258F12B0E442C00E1D9DA /* Result+Fold.swift */,
			);
			path = Result;
			sourceTree = "<group>";
		};
		96E258FF2B0E48CD00E1D9DA /* Withable */ = {
			isa = PBXGroup;
			children = (
				96E258F72B0E478000E1D9DA /* Withable.swift */,
			);
			path = Withable;
			sourceTree = "<group>";
		};
/* End PBXGroup section */

/* Begin PBXNativeTarget section */
		96636EDC2B0D23BF001C9C35 /* EmitExample */ = {
			isa = PBXNativeTarget;
			buildConfigurationList = 96636EEB2B0D23C3001C9C35 /* Build configuration list for PBXNativeTarget "EmitExample" */;
			buildPhases = (
				96636ED92B0D23BF001C9C35 /* Sources */,
				96636EDA2B0D23BF001C9C35 /* Frameworks */,
				96636EDB2B0D23BF001C9C35 /* Resources */,
			);
			buildRules = (
			);
			dependencies = (
			);
			name = EmitExample;
			productName = EmitExample;
			productReference = 96636EDD2B0D23BF001C9C35 /* EmitExample.app */;
			productType = "com.apple.product-type.application";
		};
/* End PBXNativeTarget section */

/* Begin PBXProject section */
		96636ED52B0D23BF001C9C35 /* Project object */ = {
			isa = PBXProject;
			attributes = {
				BuildIndependentTargetsInParallel = 1;
				LastSwiftUpdateCheck = 1500;
				LastUpgradeCheck = 1500;
				TargetAttributes = {
					96636EDC2B0D23BF001C9C35 = {
						CreatedOnToolsVersion = 15.0;
					};
				};
			};
			buildConfigurationList = 96636ED82B0D23BF001C9C35 /* Build configuration list for PBXProject "EmitExample" */;
			compatibilityVersion = "Xcode 14.0";
			developmentRegion = en;
			hasScannedForEncodings = 0;
			knownRegions = (
				en,
				Base,
			);
			mainGroup = 96636ED42B0D23BF001C9C35;
			productRefGroup = 96636EDE2B0D23BF001C9C35 /* Products */;
			projectDirPath = "";
			projectRoot = "";
			targets = (
				96636EDC2B0D23BF001C9C35 /* EmitExample */,
			);
		};
/* End PBXProject section */

/* Begin PBXResourcesBuildPhase section */
		96636EDB2B0D23BF001C9C35 /* Resources */ = {
			isa = PBXResourcesBuildPhase;
			buildActionMask = 2147483647;
			files = (
				96636EE82B0D23C3001C9C35 /* Preview Assets.xcassets in Resources */,
				96636EE52B0D23C3001C9C35 /* Assets.xcassets in Resources */,
			);
			runOnlyForDeploymentPostprocessing = 0;
		};
/* End PBXResourcesBuildPhase section */

/* Begin PBXSourcesBuildPhase section */
		96636ED92B0D23BF001C9C35 /* Sources */ = {
			isa = PBXSourcesBuildPhase;
			buildActionMask = 2147483647;
			files = (
				96334EC92B0F6F2A00FF5069 /* SheetNewViewModel+Shared.swift in Sources */,
				96334EC32B0F66B200FF5069 /* HomeViewType.swift in Sources */,
				96334EAC2B0F5C0D00FF5069 /* SheetListViewModelParams.swift in Sources */,
				96334EB72B0F612700FF5069 /* CountComponent.swift in Sources */,
				96334EAF2B0F5CE200FF5069 /* SheetNewView.swift in Sources */,
				960A20C92B15DBCD0034FFB6 /* ContentWithoutStateViewModelParams.swift in Sources */,
				96334EBF2B0F665A00FF5069 /* HomeView.swift in Sources */,
				96E258F62B0E444A00E1D9DA /* ViewModelState.swift in Sources */,
				96E258EA2B0E437100E1D9DA /* ContentWithoutStateOneViewModel.swift in Sources */,
				96334EA32B0F4CEE00FF5069 /* SheetListViewModel.swift in Sources */,
				96E258F42B0E443D00E1D9DA /* ViewModel.swift in Sources */,
				96334ECF2B0F6FB600FF5069 /* HomeViewModel+Shared.swift in Sources */,
				96334ED62B0F9AD700FF5069 /* ContentWithStateViewModel+Shared.swift in Sources */,
				96334EC52B0F66EB00FF5069 /* HomeViewModelParams.swift in Sources */,
				96636EE32B0D23BF001C9C35 /* ContentWithoutStateView.swift in Sources */,
				96E258E82B0E41FC00E1D9DA /* ContentWithStateView.swift in Sources */,
				96334EA52B0F591B00FF5069 /* SheetViewModelParams.swift in Sources */,
				96334EBB2B0F650400FF5069 /* ContentWithoutStateViewModelOneParams.swift in Sources */,
				96E258F22B0E442C00E1D9DA /* Result+Fold.swift in Sources */,
				96E258F02B0E441000E1D9DA /* OnSubmitStatus.swift in Sources */,
				96636EE12B0D23BF001C9C35 /* EmitExampleApp.swift in Sources */,
				96E258F82B0E478000E1D9DA /* Withable.swift in Sources */,
				96334EC72B0F699300FF5069 /* ContentWithoutStateOneViewModel+Shared.swift in Sources */,
				96334EB22B0F5DB500FF5069 /* SheetNewViewModel.swift in Sources */,
				960A20C72B15DB500034FFB6 /* ContentWithoutStateViewModel.swift in Sources */,
				96E258EE2B0E43D700E1D9DA /* ContentState.swift in Sources */,
				96334E9F2B0F487700FF5069 /* SheetView.swift in Sources */,
				96334EA12B0F488800FF5069 /* SheetViewModel.swift in Sources */,
				96334EA82B0F5AB100FF5069 /* SheetListView.swift in Sources */,
				96334EC12B0F669A00FF5069 /* HomeViewModel.swift in Sources */,
				96334ECB2B0F6F3A00FF5069 /* SheetListViewModel+Shared.swift in Sources */,
				96334EB42B0F604100FF5069 /* SheetNewViewModelParams.swift in Sources */,
				96334ECD2B0F6FA500FF5069 /* SheetViewModel+Shared.swift in Sources */,
				96E258EC2B0E438900E1D9DA /* ContentWithStateViewModel.swift in Sources */,
				96334EAA2B0F5B7100FF5069 /* SheetViewType.swift in Sources */,
			);
			runOnlyForDeploymentPostprocessing = 0;
		};
/* End PBXSourcesBuildPhase section */

/* Begin XCBuildConfiguration section */
		96636EE92B0D23C3001C9C35 /* Debug */ = {
			isa = XCBuildConfiguration;
			buildSettings = {
				ALWAYS_SEARCH_USER_PATHS = NO;
				ASSETCATALOG_COMPILER_GENERATE_SWIFT_ASSET_SYMBOL_EXTENSIONS = YES;
				CLANG_ANALYZER_NONNULL = YES;
				CLANG_ANALYZER_NUMBER_OBJECT_CONVERSION = YES_AGGRESSIVE;
				CLANG_CXX_LANGUAGE_STANDARD = "gnu++20";
				CLANG_ENABLE_MODULES = YES;
				CLANG_ENABLE_OBJC_ARC = YES;
				CLANG_ENABLE_OBJC_WEAK = YES;
				CLANG_WARN_BLOCK_CAPTURE_AUTORELEASING = YES;
				CLANG_WARN_BOOL_CONVERSION = YES;
				CLANG_WARN_COMMA = YES;
				CLANG_WARN_CONSTANT_CONVERSION = YES;
				CLANG_WARN_DEPRECATED_OBJC_IMPLEMENTATIONS = YES;
				CLANG_WARN_DIRECT_OBJC_ISA_USAGE = YES_ERROR;
				CLANG_WARN_DOCUMENTATION_COMMENTS = YES;
				CLANG_WARN_EMPTY_BODY = YES;
				CLANG_WARN_ENUM_CONVERSION = YES;
				CLANG_WARN_INFINITE_RECURSION = YES;
				CLANG_WARN_INT_CONVERSION = YES;
				CLANG_WARN_NON_LITERAL_NULL_CONVERSION = YES;
				CLANG_WARN_OBJC_IMPLICIT_RETAIN_SELF = YES;
				CLANG_WARN_OBJC_LITERAL_CONVERSION = YES;
				CLANG_WARN_OBJC_ROOT_CLASS = YES_ERROR;
				CLANG_WARN_QUOTED_INCLUDE_IN_FRAMEWORK_HEADER = YES;
				CLANG_WARN_RANGE_LOOP_ANALYSIS = YES;
				CLANG_WARN_STRICT_PROTOTYPES = YES;
				CLANG_WARN_SUSPICIOUS_MOVE = YES;
				CLANG_WARN_UNGUARDED_AVAILABILITY = YES_AGGRESSIVE;
				CLANG_WARN_UNREACHABLE_CODE = YES;
				CLANG_WARN__DUPLICATE_METHOD_MATCH = YES;
				COPY_PHASE_STRIP = NO;
				DEBUG_INFORMATION_FORMAT = dwarf;
				ENABLE_STRICT_OBJC_MSGSEND = YES;
				ENABLE_TESTABILITY = YES;
				ENABLE_USER_SCRIPT_SANDBOXING = YES;
				GCC_C_LANGUAGE_STANDARD = gnu17;
				GCC_DYNAMIC_NO_PIC = NO;
				GCC_NO_COMMON_BLOCKS = YES;
				GCC_OPTIMIZATION_LEVEL = 0;
				GCC_PREPROCESSOR_DEFINITIONS = (
					"DEBUG=1",
					"$(inherited)",
				);
				GCC_WARN_64_TO_32_BIT_CONVERSION = YES;
				GCC_WARN_ABOUT_RETURN_TYPE = YES_ERROR;
				GCC_WARN_UNDECLARED_SELECTOR = YES;
				GCC_WARN_UNINITIALIZED_AUTOS = YES_AGGRESSIVE;
				GCC_WARN_UNUSED_FUNCTION = YES;
				GCC_WARN_UNUSED_VARIABLE = YES;
				IPHONEOS_DEPLOYMENT_TARGET = 17.0;
				LOCALIZATION_PREFERS_STRING_CATALOGS = YES;
				MTL_ENABLE_DEBUG_INFO = INCLUDE_SOURCE;
				MTL_FAST_MATH = YES;
				ONLY_ACTIVE_ARCH = YES;
				SDKROOT = iphoneos;
				SWIFT_ACTIVE_COMPILATION_CONDITIONS = "DEBUG $(inherited)";
				SWIFT_OPTIMIZATION_LEVEL = "-Onone";
			};
			name = Debug;
		};
		96636EEA2B0D23C3001C9C35 /* Release */ = {
			isa = XCBuildConfiguration;
			buildSettings = {
				ALWAYS_SEARCH_USER_PATHS = NO;
				ASSETCATALOG_COMPILER_GENERATE_SWIFT_ASSET_SYMBOL_EXTENSIONS = YES;
				CLANG_ANALYZER_NONNULL = YES;
				CLANG_ANALYZER_NUMBER_OBJECT_CONVERSION = YES_AGGRESSIVE;
				CLANG_CXX_LANGUAGE_STANDARD = "gnu++20";
				CLANG_ENABLE_MODULES = YES;
				CLANG_ENABLE_OBJC_ARC = YES;
				CLANG_ENABLE_OBJC_WEAK = YES;
				CLANG_WARN_BLOCK_CAPTURE_AUTORELEASING = YES;
				CLANG_WARN_BOOL_CONVERSION = YES;
				CLANG_WARN_COMMA = YES;
				CLANG_WARN_CONSTANT_CONVERSION = YES;
				CLANG_WARN_DEPRECATED_OBJC_IMPLEMENTATIONS = YES;
				CLANG_WARN_DIRECT_OBJC_ISA_USAGE = YES_ERROR;
				CLANG_WARN_DOCUMENTATION_COMMENTS = YES;
				CLANG_WARN_EMPTY_BODY = YES;
				CLANG_WARN_ENUM_CONVERSION = YES;
				CLANG_WARN_INFINITE_RECURSION = YES;
				CLANG_WARN_INT_CONVERSION = YES;
				CLANG_WARN_NON_LITERAL_NULL_CONVERSION = YES;
				CLANG_WARN_OBJC_IMPLICIT_RETAIN_SELF = YES;
				CLANG_WARN_OBJC_LITERAL_CONVERSION = YES;
				CLANG_WARN_OBJC_ROOT_CLASS = YES_ERROR;
				CLANG_WARN_QUOTED_INCLUDE_IN_FRAMEWORK_HEADER = YES;
				CLANG_WARN_RANGE_LOOP_ANALYSIS = YES;
				CLANG_WARN_STRICT_PROTOTYPES = YES;
				CLANG_WARN_SUSPICIOUS_MOVE = YES;
				CLANG_WARN_UNGUARDED_AVAILABILITY = YES_AGGRESSIVE;
				CLANG_WARN_UNREACHABLE_CODE = YES;
				CLANG_WARN__DUPLICATE_METHOD_MATCH = YES;
				COPY_PHASE_STRIP = NO;
				DEBUG_INFORMATION_FORMAT = "dwarf-with-dsym";
				ENABLE_NS_ASSERTIONS = NO;
				ENABLE_STRICT_OBJC_MSGSEND = YES;
				ENABLE_USER_SCRIPT_SANDBOXING = YES;
				GCC_C_LANGUAGE_STANDARD = gnu17;
				GCC_NO_COMMON_BLOCKS = YES;
				GCC_WARN_64_TO_32_BIT_CONVERSION = YES;
				GCC_WARN_ABOUT_RETURN_TYPE = YES_ERROR;
				GCC_WARN_UNDECLARED_SELECTOR = YES;
				GCC_WARN_UNINITIALIZED_AUTOS = YES_AGGRESSIVE;
				GCC_WARN_UNUSED_FUNCTION = YES;
				GCC_WARN_UNUSED_VARIABLE = YES;
				IPHONEOS_DEPLOYMENT_TARGET = 17.0;
				LOCALIZATION_PREFERS_STRING_CATALOGS = YES;
				MTL_ENABLE_DEBUG_INFO = NO;
				MTL_FAST_MATH = YES;
				SDKROOT = iphoneos;
				SWIFT_COMPILATION_MODE = wholemodule;
				VALIDATE_PRODUCT = YES;
			};
			name = Release;
		};
		96636EEC2B0D23C3001C9C35 /* Debug */ = {
			isa = XCBuildConfiguration;
			buildSettings = {
				ASSETCATALOG_COMPILER_APPICON_NAME = AppIcon;
				ASSETCATALOG_COMPILER_GLOBAL_ACCENT_COLOR_NAME = AccentColor;
				CODE_SIGN_STYLE = Automatic;
				CURRENT_PROJECT_VERSION = 1;
				DEVELOPMENT_ASSET_PATHS = "\"EmitExample/Preview Content\"";
				DEVELOPMENT_TEAM = G85YYYKRLS;
				ENABLE_PREVIEWS = YES;
				GENERATE_INFOPLIST_FILE = YES;
				INFOPLIST_KEY_UIApplicationSceneManifest_Generation = YES;
				INFOPLIST_KEY_UIApplicationSupportsIndirectInputEvents = YES;
				INFOPLIST_KEY_UILaunchScreen_Generation = YES;
				INFOPLIST_KEY_UISupportedInterfaceOrientations_iPad = "UIInterfaceOrientationPortrait UIInterfaceOrientationPortraitUpsideDown UIInterfaceOrientationLandscapeLeft UIInterfaceOrientationLandscapeRight";
				INFOPLIST_KEY_UISupportedInterfaceOrientations_iPhone = "UIInterfaceOrientationPortrait UIInterfaceOrientationLandscapeLeft UIInterfaceOrientationLandscapeRight";
				LD_RUNPATH_SEARCH_PATHS = (
					"$(inherited)",
					"@executable_path/Frameworks",
				);
				MARKETING_VERSION = 1.0;
				PRODUCT_BUNDLE_IDENTIFIER = com.jason.EmitExample;
				PRODUCT_NAME = "$(TARGET_NAME)";
				SWIFT_EMIT_LOC_STRINGS = YES;
				SWIFT_VERSION = 5.0;
				TARGETED_DEVICE_FAMILY = "1,2";
			};
			name = Debug;
		};
		96636EED2B0D23C3001C9C35 /* Release */ = {
			isa = XCBuildConfiguration;
			buildSettings = {
				ASSETCATALOG_COMPILER_APPICON_NAME = AppIcon;
				ASSETCATALOG_COMPILER_GLOBAL_ACCENT_COLOR_NAME = AccentColor;
				CODE_SIGN_STYLE = Automatic;
				CURRENT_PROJECT_VERSION = 1;
				DEVELOPMENT_ASSET_PATHS = "\"EmitExample/Preview Content\"";
				DEVELOPMENT_TEAM = G85YYYKRLS;
				ENABLE_PREVIEWS = YES;
				GENERATE_INFOPLIST_FILE = YES;
				INFOPLIST_KEY_UIApplicationSceneManifest_Generation = YES;
				INFOPLIST_KEY_UIApplicationSupportsIndirectInputEvents = YES;
				INFOPLIST_KEY_UILaunchScreen_Generation = YES;
				INFOPLIST_KEY_UISupportedInterfaceOrientations_iPad = "UIInterfaceOrientationPortrait UIInterfaceOrientationPortraitUpsideDown UIInterfaceOrientationLandscapeLeft UIInterfaceOrientationLandscapeRight";
				INFOPLIST_KEY_UISupportedInterfaceOrientations_iPhone = "UIInterfaceOrientationPortrait UIInterfaceOrientationLandscapeLeft UIInterfaceOrientationLandscapeRight";
				LD_RUNPATH_SEARCH_PATHS = (
					"$(inherited)",
					"@executable_path/Frameworks",
				);
				MARKETING_VERSION = 1.0;
				PRODUCT_BUNDLE_IDENTIFIER = com.jason.EmitExample;
				PRODUCT_NAME = "$(TARGET_NAME)";
				SWIFT_EMIT_LOC_STRINGS = YES;
				SWIFT_VERSION = 5.0;
				TARGETED_DEVICE_FAMILY = "1,2";
			};
			name = Release;
		};
/* End XCBuildConfiguration section */

/* Begin XCConfigurationList section */
		96636ED82B0D23BF001C9C35 /* Build configuration list for PBXProject "EmitExample" */ = {
			isa = XCConfigurationList;
			buildConfigurations = (
				96636EE92B0D23C3001C9C35 /* Debug */,
				96636EEA2B0D23C3001C9C35 /* Release */,
			);
			defaultConfigurationIsVisible = 0;
			defaultConfigurationName = Release;
		};
		96636EEB2B0D23C3001C9C35 /* Build configuration list for PBXNativeTarget "EmitExample" */ = {
			isa = XCConfigurationList;
			buildConfigurations = (
				96636EEC2B0D23C3001C9C35 /* Debug */,
				96636EED2B0D23C3001C9C35 /* Release */,
			);
			defaultConfigurationIsVisible = 0;
			defaultConfigurationName = Release;
		};
/* End XCConfigurationList section */
	};
	rootObject = 96636ED52B0D23BF001C9C35 /* Project object */;
}
